schema: '2.0'
stages:
  data_split:
    cmd: python src/stages/data_split.py --config=params.yaml
    deps:
    - path: data/raw
      hash: md5
      md5: dbe1cfcf546b65bc2246f85aa14c5a21.dir
      size: 466888
      nfiles: 2
    - path: src/stages/data_split.py
      hash: md5
      md5: 9fbed283d435189303ad63ed525ac366
      size: 1435
    params:
      params.yaml:
        base:
          project: bank_customer_churn
          raw_data_dir: data/raw
          countries:
          - France
          - Spain
          feat_cols:
          - CreditScore
          - Age
          - Tenure
          - Balance
          - NumOfProducts
          - HasCrCard
          - IsActiveMember
          - EstimatedSalary
          targ_col: Exited
          random_state: 42
        data_split:
          test_size: 0.25
          processed_data_dir: data/processed
    outs:
    - path: data/processed
      hash: md5
      md5: c9f8d0f86f89503597e1e9db96a8193d.dir
      size: 722283
      nfiles: 4
  train:
    cmd: python src/stages/train.py --config=params.yaml
    deps:
    - path: data/processed
      hash: md5
      md5: c9f8d0f86f89503597e1e9db96a8193d.dir
      size: 722283
      nfiles: 4
    - path: src/stages/train.py
      hash: md5
      md5: 4d9d5b1f0295e7b3deb1e614f79c774a
      size: 1947
    params:
      params.yaml:
        base:
          project: bank_customer_churn
          raw_data_dir: data/raw
          countries:
          - France
          - Spain
          feat_cols:
          - CreditScore
          - Age
          - Tenure
          - Balance
          - NumOfProducts
          - HasCrCard
          - IsActiveMember
          - EstimatedSalary
          targ_col: Exited
          random_state: 42
        train:
          model_type: randomforest
          model_dir: models
          model_path: models/clf-model.joblib
          params:
            n_estimators: 50
            max_depth: 20
    outs:
    - path: models/clf-model.joblib
      hash: md5
      md5: d471828be5d97c9865aee924c91379f2
      size: 5194056
  eval:
    cmd: python src/stages/eval.py --config=params.yaml
    deps:
    - path: data/processed
      hash: md5
      md5: c9f8d0f86f89503597e1e9db96a8193d.dir
      size: 722283
      nfiles: 4
    - path: models/clf-model.joblib
      hash: md5
      md5: d471828be5d97c9865aee924c91379f2
      size: 5194056
    - path: src/stages/eval.py
      hash: md5
      md5: 5dc0b6e6bdf436234530ccb3657cb12a
      size: 2431
    params:
      params.yaml:
        base:
          project: bank_customer_churn
          raw_data_dir: data/raw
          countries:
          - France
          - Spain
          feat_cols:
          - CreditScore
          - Age
          - Tenure
          - Balance
          - NumOfProducts
          - HasCrCard
          - IsActiveMember
          - EstimatedSalary
          targ_col: Exited
          random_state: 42
        data_split:
          test_size: 0.25
          processed_data_dir: data/processed
        train:
          model_type: randomforest
          model_dir: models
          model_path: models/clf-model.joblib
          params:
            n_estimators: 50
            max_depth: 20
    outs:
    - path: metrics.json
      hash: md5
      md5: c38755343a377f2aba660e2d22fa989e
      size: 67
    - path: reports/feat_imp.csv
      hash: md5
      md5: 611c02c480d60d1bb98214cca8e516a4
      size: 185
    - path: reports/figures/cm.png
      hash: md5
      md5: 491415c8c9b37c42aa132b32f66bf01d
      size: 10280
